// !$*UTF8*$!
{
	archiveVersion = 1;
	classes = {
	};
	objectVersion = 77;
	objects = {

/* Begin PBXBuildFile section */
		0C9F5603776FADB70335A7C6 /* SmartGamesApp.swift in Sources */ = {isa = PBXBuildFile; fileRef = 0EC0B60E3DDD4CA8F6809B43 /* SmartGamesApp.swift */; };
		1032D031FD56E9EB1DBEC0D7 /* PuzzleBank.swift in Sources */ = {isa = PBXBuildFile; fileRef = FBA6B5A8A240BA352BDF6D2E /* PuzzleBank.swift */; };
		1612A771C102206639661C2A /* SudokuDifficulty.swift in Sources */ = {isa = PBXBuildFile; fileRef = 9BF0EFBE736639CD8808DAFA /* SudokuDifficulty.swift */; };
		1783FBE9AD173CDC9D617FC7 /* SettingsServiceTests.swift in Sources */ = {isa = PBXBuildFile; fileRef = 8EFBDE92D4C9431B87662A18 /* SettingsServiceTests.swift */; };
		192F449D409C5B3A0732C946 /* BoardTheme.swift in Sources */ = {isa = PBXBuildFile; fileRef = 63E704EB2630E4523830CCBE /* BoardTheme.swift */; };
		1AB89D37D3F206DCE5393BF6 /* PrimaryButton.swift in Sources */ = {isa = PBXBuildFile; fileRef = E669A032F1BD63F9CD4E9AF4 /* PrimaryButton.swift */; };
		1C6CF7C47C5FC83DCFE2552D /* SudokuBoardUtils.swift in Sources */ = {isa = PBXBuildFile; fileRef = 88C4DC937FEE788B8DBFB990 /* SudokuBoardUtils.swift */; };
		262496ED99FF0C60F3446E16 /* AppTheme.swift in Sources */ = {isa = PBXBuildFile; fileRef = 6862FC1DF2AFDF9FBEFF90FA /* AppTheme.swift */; };
		26D79B7770F1C9E96F7CEFBC /* GameEntry.swift in Sources */ = {isa = PBXBuildFile; fileRef = E81A6AA432CBC5928E605D3F /* GameEntry.swift */; };
		2A2478205867AFF7E5C089FA /* HubView.swift in Sources */ = {isa = PBXBuildFile; fileRef = 6108A261450FA8404766CA1D /* HubView.swift */; };
		2B87E93C7BC8707AFDE970A4 /* SudokuGameViewModelTests.swift in Sources */ = {isa = PBXBuildFile; fileRef = 4C8910010E279DAECCC0E5E3 /* SudokuGameViewModelTests.swift */; };
		2F4D039E900EDFADC8795C8E /* SudokuEngineTests.swift in Sources */ = {isa = PBXBuildFile; fileRef = DB59D2DECBB54E1B97D1DC41 /* SudokuEngineTests.swift */; };
		30ED91B8A059250E037B9DF2 /* GameCardView.swift in Sources */ = {isa = PBXBuildFile; fileRef = 626E068858FAD34210DB5B6B /* GameCardView.swift */; };
		32AE57ABC56DB737503014B0 /* SudokuPuzzle.swift in Sources */ = {isa = PBXBuildFile; fileRef = F5A1AD54FF60642EA6489CA3 /* SudokuPuzzle.swift */; };
		336B1ADCBB0EEA7E257F98E6 /* SmartGames.storekit in Resources */ = {isa = PBXBuildFile; fileRef = 94DBB458F57F080B4C15B2AF /* SmartGames.storekit */; };
		358F7A94E828884FED997CE8 /* SudokuLobbyViewModel.swift in Sources */ = {isa = PBXBuildFile; fileRef = F52B2AAA260BC203A59B36B3 /* SudokuLobbyViewModel.swift */; };
		3FA7D1A6CB7AF082CEEA80E6 /* AnalyticsService.swift in Sources */ = {isa = PBXBuildFile; fileRef = 386FA7F547BE9A50E454AB40 /* AnalyticsService.swift */; };
		40D240F17B4EBCC070691B5C /* RewardedAdCoordinator.swift in Sources */ = {isa = PBXBuildFile; fileRef = 5845117A01489368C0358171 /* RewardedAdCoordinator.swift */; };
		41DFA69F421CB29B82A35652 /* SmartGamesTests.swift in Sources */ = {isa = PBXBuildFile; fileRef = 07A61C1CCA23233D1C898F37 /* SmartGamesTests.swift */; };
		43D4E2B4DB3426B4F5D2F0CD /* SudokuGameView.swift in Sources */ = {isa = PBXBuildFile; fileRef = 108FB779F3B369A5528D966A /* SudokuGameView.swift */; };
		487345ACCB1B7CD54339F268 /* SudokuNumberPadView.swift in Sources */ = {isa = PBXBuildFile; fileRef = EC2A44074EFCB7F482536C79 /* SudokuNumberPadView.swift */; };
		4DA44045AE4A7465B4D33705 /* AnalyticsServiceTests.swift in Sources */ = {isa = PBXBuildFile; fileRef = 0CAB33221F8D2506CE4E467A /* AnalyticsServiceTests.swift */; };
		4DDA35A693B4810F1E791B6F /* GameCenterService.swift in Sources */ = {isa = PBXBuildFile; fileRef = 8683868971E1152D64430816 /* GameCenterService.swift */; };
		536CB5AB2BEDB01DDEB0AC87 /* InterstitialAdCoordinator.swift in Sources */ = {isa = PBXBuildFile; fileRef = 9CFAF4DA4988850B344DD535 /* InterstitialAdCoordinator.swift */; };
		AA11BB22CC33DD44EE55FF66 /* MonetizationConfig.swift in Sources */ = {isa = PBXBuildFile; fileRef = AA11BB22CC33DD44EE55FF67 /* MonetizationConfig.swift */; };
		BB22CC33DD44EE55FF66AA11 /* BannerAdCoordinator.swift in Sources */ = {isa = PBXBuildFile; fileRef = BB22CC33DD44EE55FF66AA12 /* BannerAdCoordinator.swift */; };
		BB22CC33DD44EE55FF66AA13 /* BannerAdView.swift in Sources */ = {isa = PBXBuildFile; fileRef = BB22CC33DD44EE55FF66AA14 /* BannerAdView.swift */; };
		55E9AE56BE26DB61FAFB91AE /* SeededRandomNumberGenerator.swift in Sources */ = {isa = PBXBuildFile; fileRef = AFE0801550B61C7C8A81BB43 /* SeededRandomNumberGenerator.swift */; };
		57371D9CD64A5F2CDC8502CF /* puzzles.json in Resources */ = {isa = PBXBuildFile; fileRef = 43BEDF0CE812C0E30BB9E76C /* puzzles.json */; };
		5E3F02D29DB4E4791A0357DE /* PersistenceService.swift in Sources */ = {isa = PBXBuildFile; fileRef = CD05E2AC7298D41683CB6ABE /* PersistenceService.swift */; };
		638540EC77823F316C601CDA /* AppColors.swift in Sources */ = {isa = PBXBuildFile; fileRef = F30D3B8C1E089C80972F5904 /* AppColors.swift */; };
		69119893D585D4FD4690FEEE /* PersistenceServiceTests.swift in Sources */ = {isa = PBXBuildFile; fileRef = 85826F9585A6FE3A8D46476B /* PersistenceServiceTests.swift */; };
		6BE576D0B810A4F9F5D1BE46 /* AdsConfig.swift in Sources */ = {isa = PBXBuildFile; fileRef = 923BB59D4C01DED3AC742312 /* AdsConfig.swift */; };
		6F706E79783F5A9C93131A50 /* HapticsService.swift in Sources */ = {isa = PBXBuildFile; fileRef = 5D8F39FA270744170E1ED75C /* HapticsService.swift */; };
		6FEC07213292E933C6C08421 /* AnalyticsEvent.swift in Sources */ = {isa = PBXBuildFile; fileRef = 6DDB851C70C2A2AE144D55A5 /* AnalyticsEvent.swift */; };
		70ED93386A8F5C08D23C27C4 /* AnalyticsEvent+AppLifecycle.swift in Sources */ = {isa = PBXBuildFile; fileRef = B389E53132A4A2CBE7743A5D /* AnalyticsEvent+AppLifecycle.swift */; };
		74C45A439127DD1BEA636B82 /* StoreService.swift in Sources */ = {isa = PBXBuildFile; fileRef = A4FCBCB6523668D0EB83C9EB /* StoreService.swift */; };
		7558E84B7FA0D7F731D47653 /* SettingsService.swift in Sources */ = {isa = PBXBuildFile; fileRef = 62E073A34C16A632ADDBE4DC /* SettingsService.swift */; };
		7A1E9413A64DC07CF329DCEB /* SudokuBoardView.swift in Sources */ = {isa = PBXBuildFile; fileRef = 72EE0520412AF65F106387E2 /* SudokuBoardView.swift */; };
		7BBD1C0D8668FC2EF120100D /* AnalyticsEvent+Ads.swift in Sources */ = {isa = PBXBuildFile; fileRef = 67902B032B3383DE930640CB /* AnalyticsEvent+Ads.swift */; };
		8255CB5E0F6AB9DA701D30EC /* SudokuToolbarView.swift in Sources */ = {isa = PBXBuildFile; fileRef = 00F94856F9E05CA5624B9C15 /* SudokuToolbarView.swift */; };
		8E0FD29FFDCEDE01F405F402 /* SudokuCellView.swift in Sources */ = {isa = PBXBuildFile; fileRef = 566BFCDD234B38BAEAC47534 /* SudokuCellView.swift */; };
		8EE02D512DFA23FD9D1035F9 /* SudokuGameState.swift in Sources */ = {isa = PBXBuildFile; fileRef = 6ABC119B05A87032BBD2D3B6 /* SudokuGameState.swift */; };
		903C7B81158A94A57A47D530 /* ThemePickerView.swift in Sources */ = {isa = PBXBuildFile; fileRef = DCE590A2ED5DA49870906DA7 /* ThemePickerView.swift */; };
		90A1E364931854E78136716B /* ThemeService.swift in Sources */ = {isa = PBXBuildFile; fileRef = B1B0139407EAE4113BF447DC /* ThemeService.swift */; };
		98E4E3D77F8C760AD6E94244 /* SudokuStatsCardsGrid.swift in Sources */ = {isa = PBXBuildFile; fileRef = 53F9BFF21B9B0F68BDBCB4DA /* SudokuStatsCardsGrid.swift */; };
		99E1D4FBF6647B6CB6489185 /* AppRouter.swift in Sources */ = {isa = PBXBuildFile; fileRef = 09D45EF3BD087B1841436567 /* AppRouter.swift */; };
		9C920DF2DC80A21B2583BC25 /* DailyChallengeModels.swift in Sources */ = {isa = PBXBuildFile; fileRef = 16C4C69419EFE18B46DF8E5B /* DailyChallengeModels.swift */; };
		9DBCA2D12EBA0B24D2037586 /* SudokuSolver.swift in Sources */ = {isa = PBXBuildFile; fileRef = AD3BC59F2A9A9C29A093141B /* SudokuSolver.swift */; };
		A03B7F4D9BCE8B19D6260EA8 /* ContentView.swift in Sources */ = {isa = PBXBuildFile; fileRef = C5D11518254CD2A784C592E0 /* ContentView.swift */; };
		A2882C3B9A8589781B34CA78 /* SudokuGenerator.swift in Sources */ = {isa = PBXBuildFile; fileRef = 58266EB6B6E3E05E4FCB9C73 /* SudokuGenerator.swift */; };
		A624085D125A0DBECEC24F01 /* AppFonts.swift in Sources */ = {isa = PBXBuildFile; fileRef = 8DCCE4BD407E85EB6D16B795 /* AppFonts.swift */; };
		A81FF3C628B4CD96D1F95BFC /* StatisticsService.swift in Sources */ = {isa = PBXBuildFile; fileRef = 5A6115922B7EE6EB9E62411F /* StatisticsService.swift */; };
		AA3885FE920CD35B097EBCD0 /* SudokuStatisticsView.swift in Sources */ = {isa = PBXBuildFile; fileRef = A6D958F19AB1F2395C8EEDB0 /* SudokuStatisticsView.swift */; };
		AEA38795C30841110F6F39A6 /* PrivacyInfo.xcprivacy in Resources */ = {isa = PBXBuildFile; fileRef = 09F4ADECD00CB45C55C0D6F4 /* PrivacyInfo.xcprivacy */; };
		AFC7F383CCBDDF4C23A68535 /* PaywallView.swift in Sources */ = {isa = PBXBuildFile; fileRef = 2C0383BA3253AD3913585227 /* PaywallView.swift */; };
		C3662BAF8625F64717F3C243 /* SudokuValidator.swift in Sources */ = {isa = PBXBuildFile; fileRef = 012A11241196E21C4974350C /* SudokuValidator.swift */; };
		CD35AC2E5A7DC83B0A4C765A /* DailyChallengeService.swift in Sources */ = {isa = PBXBuildFile; fileRef = D63B13C8BCE1D1085F750152 /* DailyChallengeService.swift */; };
		CDA1DBEE0C0D24BF3FE3C479 /* SudokuWinView.swift in Sources */ = {isa = PBXBuildFile; fileRef = D253BE1CBD4D2C4040339A1A /* SudokuWinView.swift */; };
		CF1932514C4FC7F0A560180E /* HubViewModel.swift in Sources */ = {isa = PBXBuildFile; fileRef = 1D98D47714A3BDC944935A59 /* HubViewModel.swift */; };
		D51783C662EC23E7DED3FF33 /* AppRoutes.swift in Sources */ = {isa = PBXBuildFile; fileRef = C7F123205B88FD4A7B877679 /* AppRoutes.swift */; };
		DEED1FC818A8E8338386303E /* DailyChallengeView.swift in Sources */ = {isa = PBXBuildFile; fileRef = BEFA3B9A3D5D3ED82268FA35 /* DailyChallengeView.swift */; };
		E1596EB2ADE7258013DC78B5 /* SudokuLobbyView.swift in Sources */ = {isa = PBXBuildFile; fileRef = ABFEF1ECCCF555E74F942824 /* SudokuLobbyView.swift */; };
		E3134DF3F9E4C7962AEF472B /* SudokuGameViewModel.swift in Sources */ = {isa = PBXBuildFile; fileRef = E3BAA8798EF9DC59A1F69F84 /* SudokuGameViewModel.swift */; };
		E58FF08814BC52D3462F26D7 /* SettingsView.swift in Sources */ = {isa = PBXBuildFile; fileRef = D12D69E2612921267B7C8174 /* SettingsView.swift */; };
		E90F32A056D96ABFA12A80B6 /* SoundService.swift in Sources */ = {isa = PBXBuildFile; fileRef = 5175BD2DF63D5C465E969303 /* SoundService.swift */; };
		EC950F5CECF9721E7790BE90 /* AppEnvironment.swift in Sources */ = {isa = PBXBuildFile; fileRef = 731F8E4C824B4253F2D3B6E9 /* AppEnvironment.swift */; };
		ECA3A3D8CC5D275E25A4B711 /* SudokuModule.swift in Sources */ = {isa = PBXBuildFile; fileRef = DC871B5B9344E445807120A3 /* SudokuModule.swift */; };
		11852360792B4C53B8B69C87 /* GameModule.swift in Sources */ = {isa = PBXBuildFile; fileRef = 675102A166B64466AFCCF2FF /* GameModule.swift */; };
		AF3341CE91D943A3BBEE5F01 /* GameRegistry.swift in Sources */ = {isa = PBXBuildFile; fileRef = 10286AA31FAB4D1CA6F118F1 /* GameRegistry.swift */; };
		ECD4913916074E93E066EB00 /* SudokuPauseOverlayView.swift in Sources */ = {isa = PBXBuildFile; fileRef = 8E3AC6111FA36D0428FDD141 /* SudokuPauseOverlayView.swift */; };
		F4F2F21FB3C3FE38768CB039 /* AnalyticsEvent+Sudoku.swift in Sources */ = {isa = PBXBuildFile; fileRef = 17CFE49782BCB436768FAD14 /* AnalyticsEvent+Sudoku.swift */; };
		F6A9AC9BE3A34AA32F3529EC /* AdsService.swift in Sources */ = {isa = PBXBuildFile; fileRef = 572BEF208087CE8C3522EE7F /* AdsService.swift */; };
		F7718C1DF85CB346EE378AD0 /* SudokuCell.swift in Sources */ = {isa = PBXBuildFile; fileRef = 4CD7CB7F4BA2A2A698C9E06D /* SudokuCell.swift */; };
/* End PBXBuildFile section */

/* Begin PBXContainerItemProxy section */
		D621A317CECD27BDE60E3F97 /* PBXContainerItemProxy */ = {
			isa = PBXContainerItemProxy;
			containerPortal = 7A427CA5DB647E68A22F1BDA /* Project object */;
			proxyType = 1;
			remoteGlobalIDString = 3D19C8231A7ADB2C861E5953;
			remoteInfo = SmartGames;
		};
/* End PBXContainerItemProxy section */

/* Begin PBXFileReference section */
		00F94856F9E05CA5624B9C15 /* SudokuToolbarView.swift */ = {isa = PBXFileReference; lastKnownFileType = sourcecode.swift; path = SudokuToolbarView.swift; sourceTree = "<group>"; };
		012A11241196E21C4974350C /* SudokuValidator.swift */ = {isa = PBXFileReference; lastKnownFileType = sourcecode.swift; path = SudokuValidator.swift; sourceTree = "<group>"; };
		07A61C1CCA23233D1C898F37 /* SmartGamesTests.swift */ = {isa = PBXFileReference; lastKnownFileType = sourcecode.swift; path = SmartGamesTests.swift; sourceTree = "<group>"; };
		09D45EF3BD087B1841436567 /* AppRouter.swift */ = {isa = PBXFileReference; lastKnownFileType = sourcecode.swift; path = AppRouter.swift; sourceTree = "<group>"; };
		09F4ADECD00CB45C55C0D6F4 /* PrivacyInfo.xcprivacy */ = {isa = PBXFileReference; path = PrivacyInfo.xcprivacy; sourceTree = "<group>"; };
		0CAB33221F8D2506CE4E467A /* AnalyticsServiceTests.swift */ = {isa = PBXFileReference; lastKnownFileType = sourcecode.swift; path = AnalyticsServiceTests.swift; sourceTree = "<group>"; };
		0EC0B60E3DDD4CA8F6809B43 /* SmartGamesApp.swift */ = {isa = PBXFileReference; lastKnownFileType = sourcecode.swift; path = SmartGamesApp.swift; sourceTree = "<group>"; };
		108FB779F3B369A5528D966A /* SudokuGameView.swift */ = {isa = PBXFileReference; lastKnownFileType = sourcecode.swift; path = SudokuGameView.swift; sourceTree = "<group>"; };
		16C4C69419EFE18B46DF8E5B /* DailyChallengeModels.swift */ = {isa = PBXFileReference; lastKnownFileType = sourcecode.swift; path = DailyChallengeModels.swift; sourceTree = "<group>"; };
		17CFE49782BCB436768FAD14 /* AnalyticsEvent+Sudoku.swift */ = {isa = PBXFileReference; lastKnownFileType = sourcecode.swift; path = "AnalyticsEvent+Sudoku.swift"; sourceTree = "<group>"; };
		1D98D47714A3BDC944935A59 /* HubViewModel.swift */ = {isa = PBXFileReference; lastKnownFileType = sourcecode.swift; path = HubViewModel.swift; sourceTree = "<group>"; };
		2C0383BA3253AD3913585227 /* PaywallView.swift */ = {isa = PBXFileReference; lastKnownFileType = sourcecode.swift; path = PaywallView.swift; sourceTree = "<group>"; };
		386FA7F547BE9A50E454AB40 /* AnalyticsService.swift */ = {isa = PBXFileReference; lastKnownFileType = sourcecode.swift; path = AnalyticsService.swift; sourceTree = "<group>"; };
		43BEDF0CE812C0E30BB9E76C /* puzzles.json */ = {isa = PBXFileReference; lastKnownFileType = text.json; path = puzzles.json; sourceTree = "<group>"; };
		4C8910010E279DAECCC0E5E3 /* SudokuGameViewModelTests.swift */ = {isa = PBXFileReference; lastKnownFileType = sourcecode.swift; path = SudokuGameViewModelTests.swift; sourceTree = "<group>"; };
		4CD7CB7F4BA2A2A698C9E06D /* SudokuCell.swift */ = {isa = PBXFileReference; lastKnownFileType = sourcecode.swift; path = SudokuCell.swift; sourceTree = "<group>"; };
		5175BD2DF63D5C465E969303 /* SoundService.swift */ = {isa = PBXFileReference; lastKnownFileType = sourcecode.swift; path = SoundService.swift; sourceTree = "<group>"; };
		53F9BFF21B9B0F68BDBCB4DA /* SudokuStatsCardsGrid.swift */ = {isa = PBXFileReference; lastKnownFileType = sourcecode.swift; path = SudokuStatsCardsGrid.swift; sourceTree = "<group>"; };
		566BFCDD234B38BAEAC47534 /* SudokuCellView.swift */ = {isa = PBXFileReference; lastKnownFileType = sourcecode.swift; path = SudokuCellView.swift; sourceTree = "<group>"; };
		572BEF208087CE8C3522EE7F /* AdsService.swift */ = {isa = PBXFileReference; lastKnownFileType = sourcecode.swift; path = AdsService.swift; sourceTree = "<group>"; };
		58266EB6B6E3E05E4FCB9C73 /* SudokuGenerator.swift */ = {isa = PBXFileReference; lastKnownFileType = sourcecode.swift; path = SudokuGenerator.swift; sourceTree = "<group>"; };
		5845117A01489368C0358171 /* RewardedAdCoordinator.swift */ = {isa = PBXFileReference; lastKnownFileType = sourcecode.swift; path = RewardedAdCoordinator.swift; sourceTree = "<group>"; };
		5A6115922B7EE6EB9E62411F /* StatisticsService.swift */ = {isa = PBXFileReference; lastKnownFileType = sourcecode.swift; path = StatisticsService.swift; sourceTree = "<group>"; };
		5D8F39FA270744170E1ED75C /* HapticsService.swift */ = {isa = PBXFileReference; lastKnownFileType = sourcecode.swift; path = HapticsService.swift; sourceTree = "<group>"; };
		6108A261450FA8404766CA1D /* HubView.swift */ = {isa = PBXFileReference; lastKnownFileType = sourcecode.swift; path = HubView.swift; sourceTree = "<group>"; };
		626E068858FAD34210DB5B6B /* GameCardView.swift */ = {isa = PBXFileReference; lastKnownFileType = sourcecode.swift; path = GameCardView.swift; sourceTree = "<group>"; };
		62E073A34C16A632ADDBE4DC /* SettingsService.swift */ = {isa = PBXFileReference; lastKnownFileType = sourcecode.swift; path = SettingsService.swift; sourceTree = "<group>"; };
		63E704EB2630E4523830CCBE /* BoardTheme.swift */ = {isa = PBXFileReference; lastKnownFileType = sourcecode.swift; path = BoardTheme.swift; sourceTree = "<group>"; };
		67902B032B3383DE930640CB /* AnalyticsEvent+Ads.swift */ = {isa = PBXFileReference; lastKnownFileType = sourcecode.swift; path = "AnalyticsEvent+Ads.swift"; sourceTree = "<group>"; };
		6862FC1DF2AFDF9FBEFF90FA /* AppTheme.swift */ = {isa = PBXFileReference; lastKnownFileType = sourcecode.swift; path = AppTheme.swift; sourceTree = "<group>"; };
		6ABC119B05A87032BBD2D3B6 /* SudokuGameState.swift */ = {isa = PBXFileReference; lastKnownFileType = sourcecode.swift; path = SudokuGameState.swift; sourceTree = "<group>"; };
		6B19393CCE85B0B49A2A54AA /* SmartGames.entitlements */ = {isa = PBXFileReference; lastKnownFileType = text.plist.entitlements; path = SmartGames.entitlements; sourceTree = "<group>"; };
		6DDB851C70C2A2AE144D55A5 /* AnalyticsEvent.swift */ = {isa = PBXFileReference; lastKnownFileType = sourcecode.swift; path = AnalyticsEvent.swift; sourceTree = "<group>"; };
		72EE0520412AF65F106387E2 /* SudokuBoardView.swift */ = {isa = PBXFileReference; lastKnownFileType = sourcecode.swift; path = SudokuBoardView.swift; sourceTree = "<group>"; };
		731F8E4C824B4253F2D3B6E9 /* AppEnvironment.swift */ = {isa = PBXFileReference; lastKnownFileType = sourcecode.swift; path = AppEnvironment.swift; sourceTree = "<group>"; };
		675102A166B64466AFCCF2FF /* GameModule.swift */ = {isa = PBXFileReference; lastKnownFileType = sourcecode.swift; path = GameModule.swift; sourceTree = "<group>"; };
		10286AA31FAB4D1CA6F118F1 /* GameRegistry.swift */ = {isa = PBXFileReference; lastKnownFileType = sourcecode.swift; path = GameRegistry.swift; sourceTree = "<group>"; };
		80D62BBB422F391FFC049C23 /* SmartGames.app */ = {isa = PBXFileReference; includeInIndex = 0; lastKnownFileType = wrapper.application; path = SmartGames.app; sourceTree = BUILT_PRODUCTS_DIR; };
		85826F9585A6FE3A8D46476B /* PersistenceServiceTests.swift */ = {isa = PBXFileReference; lastKnownFileType = sourcecode.swift; path = PersistenceServiceTests.swift; sourceTree = "<group>"; };
		8683868971E1152D64430816 /* GameCenterService.swift */ = {isa = PBXFileReference; lastKnownFileType = sourcecode.swift; path = GameCenterService.swift; sourceTree = "<group>"; };
		88C4DC937FEE788B8DBFB990 /* SudokuBoardUtils.swift */ = {isa = PBXFileReference; lastKnownFileType = sourcecode.swift; path = SudokuBoardUtils.swift; sourceTree = "<group>"; };
		8DCCE4BD407E85EB6D16B795 /* AppFonts.swift */ = {isa = PBXFileReference; lastKnownFileType = sourcecode.swift; path = AppFonts.swift; sourceTree = "<group>"; };
		8E3AC6111FA36D0428FDD141 /* SudokuPauseOverlayView.swift */ = {isa = PBXFileReference; lastKnownFileType = sourcecode.swift; path = SudokuPauseOverlayView.swift; sourceTree = "<group>"; };
		8EFBDE92D4C9431B87662A18 /* SettingsServiceTests.swift */ = {isa = PBXFileReference; lastKnownFileType = sourcecode.swift; path = SettingsServiceTests.swift; sourceTree = "<group>"; };
		923BB59D4C01DED3AC742312 /* AdsConfig.swift */ = {isa = PBXFileReference; lastKnownFileType = sourcecode.swift; path = AdsConfig.swift; sourceTree = "<group>"; };
		AA11BB22CC33DD44EE55FF67 /* MonetizationConfig.swift */ = {isa = PBXFileReference; lastKnownFileType = sourcecode.swift; path = MonetizationConfig.swift; sourceTree = "<group>"; };
		BB22CC33DD44EE55FF66AA12 /* BannerAdCoordinator.swift */ = {isa = PBXFileReference; lastKnownFileType = sourcecode.swift; path = BannerAdCoordinator.swift; sourceTree = "<group>"; };
		BB22CC33DD44EE55FF66AA14 /* BannerAdView.swift */ = {isa = PBXFileReference; lastKnownFileType = sourcecode.swift; path = BannerAdView.swift; sourceTree = "<group>"; };
		94DBB458F57F080B4C15B2AF /* SmartGames.storekit */ = {isa = PBXFileReference; path = SmartGames.storekit; sourceTree = "<group>"; };
		9B291E283C3AAE46AF4E4EFD /* SmartGamesTests.xctest */ = {isa = PBXFileReference; includeInIndex = 0; lastKnownFileType = wrapper.cfbundle; path = SmartGamesTests.xctest; sourceTree = BUILT_PRODUCTS_DIR; };
		9BF0EFBE736639CD8808DAFA /* SudokuDifficulty.swift */ = {isa = PBXFileReference; lastKnownFileType = sourcecode.swift; path = SudokuDifficulty.swift; sourceTree = "<group>"; };
		9CFAF4DA4988850B344DD535 /* InterstitialAdCoordinator.swift */ = {isa = PBXFileReference; lastKnownFileType = sourcecode.swift; path = InterstitialAdCoordinator.swift; sourceTree = "<group>"; };
		A4FCBCB6523668D0EB83C9EB /* StoreService.swift */ = {isa = PBXFileReference; lastKnownFileType = sourcecode.swift; path = StoreService.swift; sourceTree = "<group>"; };
		A6D958F19AB1F2395C8EEDB0 /* SudokuStatisticsView.swift */ = {isa = PBXFileReference; lastKnownFileType = sourcecode.swift; path = SudokuStatisticsView.swift; sourceTree = "<group>"; };
		ABFEF1ECCCF555E74F942824 /* SudokuLobbyView.swift */ = {isa = PBXFileReference; lastKnownFileType = sourcecode.swift; path = SudokuLobbyView.swift; sourceTree = "<group>"; };
		AD3BC59F2A9A9C29A093141B /* SudokuSolver.swift */ = {isa = PBXFileReference; lastKnownFileType = sourcecode.swift; path = SudokuSolver.swift; sourceTree = "<group>"; };
		AFE0801550B61C7C8A81BB43 /* SeededRandomNumberGenerator.swift */ = {isa = PBXFileReference; lastKnownFileType = sourcecode.swift; path = SeededRandomNumberGenerator.swift; sourceTree = "<group>"; };
		B1B0139407EAE4113BF447DC /* ThemeService.swift */ = {isa = PBXFileReference; lastKnownFileType = sourcecode.swift; path = ThemeService.swift; sourceTree = "<group>"; };
		B389E53132A4A2CBE7743A5D /* AnalyticsEvent+AppLifecycle.swift */ = {isa = PBXFileReference; lastKnownFileType = sourcecode.swift; path = "AnalyticsEvent+AppLifecycle.swift"; sourceTree = "<group>"; };
		BEFA3B9A3D5D3ED82268FA35 /* DailyChallengeView.swift */ = {isa = PBXFileReference; lastKnownFileType = sourcecode.swift; path = DailyChallengeView.swift; sourceTree = "<group>"; };
		C5D11518254CD2A784C592E0 /* ContentView.swift */ = {isa = PBXFileReference; lastKnownFileType = sourcecode.swift; path = ContentView.swift; sourceTree = "<group>"; };
		C7F123205B88FD4A7B877679 /* AppRoutes.swift */ = {isa = PBXFileReference; lastKnownFileType = sourcecode.swift; path = AppRoutes.swift; sourceTree = "<group>"; };
		CD05E2AC7298D41683CB6ABE /* PersistenceService.swift */ = {isa = PBXFileReference; lastKnownFileType = sourcecode.swift; path = PersistenceService.swift; sourceTree = "<group>"; };
		D12D69E2612921267B7C8174 /* SettingsView.swift */ = {isa = PBXFileReference; lastKnownFileType = sourcecode.swift; path = SettingsView.swift; sourceTree = "<group>"; };
		D253BE1CBD4D2C4040339A1A /* SudokuWinView.swift */ = {isa = PBXFileReference; lastKnownFileType = sourcecode.swift; path = SudokuWinView.swift; sourceTree = "<group>"; };
		D63B13C8BCE1D1085F750152 /* DailyChallengeService.swift */ = {isa = PBXFileReference; lastKnownFileType = sourcecode.swift; path = DailyChallengeService.swift; sourceTree = "<group>"; };
		D880D5F57DB44AE5DC7F8CF2 /* Info.plist */ = {isa = PBXFileReference; lastKnownFileType = text.plist; path = Info.plist; sourceTree = "<group>"; };
		DB59D2DECBB54E1B97D1DC41 /* SudokuEngineTests.swift */ = {isa = PBXFileReference; lastKnownFileType = sourcecode.swift; path = SudokuEngineTests.swift; sourceTree = "<group>"; };
		DC871B5B9344E445807120A3 /* SudokuModule.swift */ = {isa = PBXFileReference; lastKnownFileType = sourcecode.swift; path = SudokuModule.swift; sourceTree = "<group>"; };
		DCE590A2ED5DA49870906DA7 /* ThemePickerView.swift */ = {isa = PBXFileReference; lastKnownFileType = sourcecode.swift; path = ThemePickerView.swift; sourceTree = "<group>"; };
		E3BAA8798EF9DC59A1F69F84 /* SudokuGameViewModel.swift */ = {isa = PBXFileReference; lastKnownFileType = sourcecode.swift; path = SudokuGameViewModel.swift; sourceTree = "<group>"; };
		E669A032F1BD63F9CD4E9AF4 /* PrimaryButton.swift */ = {isa = PBXFileReference; lastKnownFileType = sourcecode.swift; path = PrimaryButton.swift; sourceTree = "<group>"; };
		E81A6AA432CBC5928E605D3F /* GameEntry.swift */ = {isa = PBXFileReference; lastKnownFileType = sourcecode.swift; path = GameEntry.swift; sourceTree = "<group>"; };
		EC2A44074EFCB7F482536C79 /* SudokuNumberPadView.swift */ = {isa = PBXFileReference; lastKnownFileType = sourcecode.swift; path = SudokuNumberPadView.swift; sourceTree = "<group>"; };
		F30D3B8C1E089C80972F5904 /* AppColors.swift */ = {isa = PBXFileReference; lastKnownFileType = sourcecode.swift; path = AppColors.swift; sourceTree = "<group>"; };
		F52B2AAA260BC203A59B36B3 /* SudokuLobbyViewModel.swift */ = {isa = PBXFileReference; lastKnownFileType = sourcecode.swift; path = SudokuLobbyViewModel.swift; sourceTree = "<group>"; };
		F5A1AD54FF60642EA6489CA3 /* SudokuPuzzle.swift */ = {isa = PBXFileReference; lastKnownFileType = sourcecode.swift; path = SudokuPuzzle.swift; sourceTree = "<group>"; };
		FBA6B5A8A240BA352BDF6D2E /* PuzzleBank.swift */ = {isa = PBXFileReference; lastKnownFileType = sourcecode.swift; path = PuzzleBank.swift; sourceTree = "<group>"; };
/* End PBXFileReference section */

/* Begin PBXGroup section */
		02B4B5AA6CD9A7BFD1349E5E /* Store */ = {
			isa = PBXGroup;
			children = (
				A4FCBCB6523668D0EB83C9EB /* StoreService.swift */,
			);
			path = Store;
			sourceTree = "<group>";
		};
		03D1B1A8B46138E1E0D79A15 /* Persistence */ = {
			isa = PBXGroup;
			children = (
				CD05E2AC7298D41683CB6ABE /* PersistenceService.swift */,
			);
			path = Persistence;
			sourceTree = "<group>";
		};
		121EE544964E2A5970245483 = {
			isa = PBXGroup;
			children = (
				8D7801E4AA7C2C84B7CD2B70 /* SmartGames */,
				EB9B3F382776496721ECB5F1 /* SmartGamesTests */,
				916A9A813E4E2DCD0BC81EEA /* Products */,
			);
			sourceTree = "<group>";
		};
		123F251C0F14BE1C735729AA /* UI */ = {
			isa = PBXGroup;
			children = (
				F30D3B8C1E089C80972F5904 /* AppColors.swift */,
				8DCCE4BD407E85EB6D16B795 /* AppFonts.swift */,
				6862FC1DF2AFDF9FBEFF90FA /* AppTheme.swift */,
				63E704EB2630E4523830CCBE /* BoardTheme.swift */,
			);
			path = UI;
			sourceTree = "<group>";
		};
		1CA56102CEC4749A29691555 /* Models */ = {
			isa = PBXGroup;
			children = (
				16C4C69419EFE18B46DF8E5B /* DailyChallengeModels.swift */,
				4CD7CB7F4BA2A2A698C9E06D /* SudokuCell.swift */,
				9BF0EFBE736639CD8808DAFA /* SudokuDifficulty.swift */,
				6ABC119B05A87032BBD2D3B6 /* SudokuGameState.swift */,
				F5A1AD54FF60642EA6489CA3 /* SudokuPuzzle.swift */,
			);
			path = Models;
			sourceTree = "<group>";
		};
		248D30D1FEB8772A360F9FE4 /* Games */ = {
			isa = PBXGroup;
			children = (
				5C78827513F881B8631A451A /* Sudoku */,
			);
			path = Games;
			sourceTree = "<group>";
		};
		2B16084E5E45260227FC1D6E /* Components */ = {
			isa = PBXGroup;
			children = (
				626E068858FAD34210DB5B6B /* GameCardView.swift */,
				E669A032F1BD63F9CD4E9AF4 /* PrimaryButton.swift */,
			);
			path = Components;
			sourceTree = "<group>";
		};
		3BDF9F406EC82D57A6612D69 /* Views */ = {
			isa = PBXGroup;
			children = (
				BEFA3B9A3D5D3ED82268FA35 /* DailyChallengeView.swift */,
				2C0383BA3253AD3913585227 /* PaywallView.swift */,
				72EE0520412AF65F106387E2 /* SudokuBoardView.swift */,
				566BFCDD234B38BAEAC47534 /* SudokuCellView.swift */,
				108FB779F3B369A5528D966A /* SudokuGameView.swift */,
				ABFEF1ECCCF555E74F942824 /* SudokuLobbyView.swift */,
				EC2A44074EFCB7F482536C79 /* SudokuNumberPadView.swift */,
				8E3AC6111FA36D0428FDD141 /* SudokuPauseOverlayView.swift */,
				A6D958F19AB1F2395C8EEDB0 /* SudokuStatisticsView.swift */,
				53F9BFF21B9B0F68BDBCB4DA /* SudokuStatsCardsGrid.swift */,
				00F94856F9E05CA5624B9C15 /* SudokuToolbarView.swift */,
				D253BE1CBD4D2C4040339A1A /* SudokuWinView.swift */,
			);
			path = Views;
			sourceTree = "<group>";
		};
		3FD08755A1B811214F21E107 /* Statistics */ = {
			isa = PBXGroup;
			children = (
				5A6115922B7EE6EB9E62411F /* StatisticsService.swift */,
			);
			path = Statistics;
			sourceTree = "<group>";
		};
		59F1EC7160FBEE6CC074745F /* Analytics */ = {
			isa = PBXGroup;
			children = (
				6DDB851C70C2A2AE144D55A5 /* AnalyticsEvent.swift */,
				67902B032B3383DE930640CB /* AnalyticsEvent+Ads.swift */,
				B389E53132A4A2CBE7743A5D /* AnalyticsEvent+AppLifecycle.swift */,
				17CFE49782BCB436768FAD14 /* AnalyticsEvent+Sudoku.swift */,
				386FA7F547BE9A50E454AB40 /* AnalyticsService.swift */,
			);
			path = Analytics;
			sourceTree = "<group>";
		};
		5C78827513F881B8631A451A /* Sudoku */ = {
			isa = PBXGroup;
			children = (
				DC871B5B9344E445807120A3 /* SudokuModule.swift */,
				C70A43FF89D28B4427216B31 /* Engine */,
				1CA56102CEC4749A29691555 /* Models */,
				848A9667D6F9304D1E2035C8 /* ViewModels */,
				3BDF9F406EC82D57A6612D69 /* Views */,
			);
			path = Sudoku;
			sourceTree = "<group>";
		};
		5D4A46FF09D1D33B8CA42407 /* DailyChallenge */ = {
			isa = PBXGroup;
			children = (
				D63B13C8BCE1D1085F750152 /* DailyChallengeService.swift */,
			);
			path = DailyChallenge;
			sourceTree = "<group>";
		};
		5E84803FC7C25AF24B571B20 /* Models */ = {
			isa = PBXGroup;
			children = (
				E81A6AA432CBC5928E605D3F /* GameEntry.swift */,
			);
			path = Models;
			sourceTree = "<group>";
		};
		64B3B6F827EE6CAA8086B0C3 /* Settings */ = {
			isa = PBXGroup;
			children = (
				62E073A34C16A632ADDBE4DC /* SettingsService.swift */,
				D12D69E2612921267B7C8174 /* SettingsView.swift */,
				DCE590A2ED5DA49870906DA7 /* ThemePickerView.swift */,
			);
			path = Settings;
			sourceTree = "<group>";
		};
		6674E5E361403510ADE33F7C /* Configuration */ = {
			isa = PBXGroup;
			children = (
				94DBB458F57F080B4C15B2AF /* SmartGames.storekit */,
			);
			path = Configuration;
			sourceTree = "<group>";
		};
		668CBF77B121BB927B701B08 /* Ads */ = {
			isa = PBXGroup;
			children = (
				923BB59D4C01DED3AC742312 /* AdsConfig.swift */,
				572BEF208087CE8C3522EE7F /* AdsService.swift */,
				BB22CC33DD44EE55FF66AA12 /* BannerAdCoordinator.swift */,
				BB22CC33DD44EE55FF66AA14 /* BannerAdView.swift */,
				9CFAF4DA4988850B344DD535 /* InterstitialAdCoordinator.swift */,
				AA11BB22CC33DD44EE55FF67 /* MonetizationConfig.swift */,
				5845117A01489368C0358171 /* RewardedAdCoordinator.swift */,
			);
			path = Ads;
			sourceTree = "<group>";
		};
		69DAF1F1D13E2566F8A327E9 /* Common */ = {
			isa = PBXGroup;
			children = (
				2B16084E5E45260227FC1D6E /* Components */,
				123F251C0F14BE1C735729AA /* UI */,
			);
			path = Common;
			sourceTree = "<group>";
		};
		71CAE17BC0737DF4CFFD517B /* Resources */ = {
			isa = PBXGroup;
			children = (
				776486AA7F631FF2788F4481 /* Sudoku */,
			);
			path = Resources;
			sourceTree = "<group>";
		};
		776486AA7F631FF2788F4481 /* Sudoku */ = {
			isa = PBXGroup;
			children = (
				43BEDF0CE812C0E30BB9E76C /* puzzles.json */,
			);
			path = Sudoku;
			sourceTree = "<group>";
		};
		848A9667D6F9304D1E2035C8 /* ViewModels */ = {
			isa = PBXGroup;
			children = (
				E3BAA8798EF9DC59A1F69F84 /* SudokuGameViewModel.swift */,
				F52B2AAA260BC203A59B36B3 /* SudokuLobbyViewModel.swift */,
			);
			path = ViewModels;
			sourceTree = "<group>";
		};
		8D7801E4AA7C2C84B7CD2B70 /* SmartGames */ = {
			isa = PBXGroup;
			children = (
				731F8E4C824B4253F2D3B6E9 /* AppEnvironment.swift */,
				C5D11518254CD2A784C592E0 /* ContentView.swift */,
				D880D5F57DB44AE5DC7F8CF2 /* Info.plist */,
				09F4ADECD00CB45C55C0D6F4 /* PrivacyInfo.xcprivacy */,
				6B19393CCE85B0B49A2A54AA /* SmartGames.entitlements */,
				0EC0B60E3DDD4CA8F6809B43 /* SmartGamesApp.swift */,
				69DAF1F1D13E2566F8A327E9 /* Common */,
				6674E5E361403510ADE33F7C /* Configuration */,
				F63715E6912C4B97B8B9F105 /* Core */,
				248D30D1FEB8772A360F9FE4 /* Games */,
				F82716D01E911B23DA83A600 /* Hub */,
				E3F8236B17D1488C7CCB5A48 /* Navigation */,
				71CAE17BC0737DF4CFFD517B /* Resources */,
				D73453012F045C03D2C66EA9 /* SharedServices */,
			);
			path = SmartGames;
			sourceTree = "<group>";
		};
		F63715E6912C4B97B8B9F105 /* Core */ = {
			isa = PBXGroup;
			children = (
				675102A166B64466AFCCF2FF /* GameModule.swift */,
				10286AA31FAB4D1CA6F118F1 /* GameRegistry.swift */,
			);
			path = Core;
			sourceTree = "<group>";
		};
		916A9A813E4E2DCD0BC81EEA /* Products */ = {
			isa = PBXGroup;
			children = (
				80D62BBB422F391FFC049C23 /* SmartGames.app */,
				9B291E283C3AAE46AF4E4EFD /* SmartGamesTests.xctest */,
			);
			name = Products;
			sourceTree = "<group>";
		};
		983C457829F1280E3027C958 /* GameCenter */ = {
			isa = PBXGroup;
			children = (
				8683868971E1152D64430816 /* GameCenterService.swift */,
			);
			path = GameCenter;
			sourceTree = "<group>";
		};
		C70A43FF89D28B4427216B31 /* Engine */ = {
			isa = PBXGroup;
			children = (
				FBA6B5A8A240BA352BDF6D2E /* PuzzleBank.swift */,
				AFE0801550B61C7C8A81BB43 /* SeededRandomNumberGenerator.swift */,
				88C4DC937FEE788B8DBFB990 /* SudokuBoardUtils.swift */,
				58266EB6B6E3E05E4FCB9C73 /* SudokuGenerator.swift */,
				AD3BC59F2A9A9C29A093141B /* SudokuSolver.swift */,
				012A11241196E21C4974350C /* SudokuValidator.swift */,
			);
			path = Engine;
			sourceTree = "<group>";
		};
		D73453012F045C03D2C66EA9 /* SharedServices */ = {
			isa = PBXGroup;
			children = (
				668CBF77B121BB927B701B08 /* Ads */,
				59F1EC7160FBEE6CC074745F /* Analytics */,
				5D4A46FF09D1D33B8CA42407 /* DailyChallenge */,
				983C457829F1280E3027C958 /* GameCenter */,
				03D1B1A8B46138E1E0D79A15 /* Persistence */,
				64B3B6F827EE6CAA8086B0C3 /* Settings */,
				EFAFAC8358F14246AA87F594 /* Sound */,
				3FD08755A1B811214F21E107 /* Statistics */,
				02B4B5AA6CD9A7BFD1349E5E /* Store */,
				F79A4BC80B3A55CFE7DA7799 /* Theme */,
			);
			path = SharedServices;
			sourceTree = "<group>";
		};
		E3F8236B17D1488C7CCB5A48 /* Navigation */ = {
			isa = PBXGroup;
			children = (
				09D45EF3BD087B1841436567 /* AppRouter.swift */,
				C7F123205B88FD4A7B877679 /* AppRoutes.swift */,
			);
			path = Navigation;
			sourceTree = "<group>";
		};
		EB9B3F382776496721ECB5F1 /* SmartGamesTests */ = {
			isa = PBXGroup;
			children = (
				0CAB33221F8D2506CE4E467A /* AnalyticsServiceTests.swift */,
				85826F9585A6FE3A8D46476B /* PersistenceServiceTests.swift */,
				8EFBDE92D4C9431B87662A18 /* SettingsServiceTests.swift */,
				07A61C1CCA23233D1C898F37 /* SmartGamesTests.swift */,
				DB59D2DECBB54E1B97D1DC41 /* SudokuEngineTests.swift */,
				4C8910010E279DAECCC0E5E3 /* SudokuGameViewModelTests.swift */,
			);
			path = SmartGamesTests;
			sourceTree = "<group>";
		};
		EFAFAC8358F14246AA87F594 /* Sound */ = {
			isa = PBXGroup;
			children = (
				5D8F39FA270744170E1ED75C /* HapticsService.swift */,
				5175BD2DF63D5C465E969303 /* SoundService.swift */,
			);
			path = Sound;
			sourceTree = "<group>";
		};
		F79A4BC80B3A55CFE7DA7799 /* Theme */ = {
			isa = PBXGroup;
			children = (
				B1B0139407EAE4113BF447DC /* ThemeService.swift */,
			);
			path = Theme;
			sourceTree = "<group>";
		};
		F82716D01E911B23DA83A600 /* Hub */ = {
			isa = PBXGroup;
			children = (
				6108A261450FA8404766CA1D /* HubView.swift */,
				1D98D47714A3BDC944935A59 /* HubViewModel.swift */,
				5E84803FC7C25AF24B571B20 /* Models */,
			);
			path = Hub;
			sourceTree = "<group>";
		};
/* End PBXGroup section */

/* Begin PBXNativeTarget section */
		3D19C8231A7ADB2C861E5953 /* SmartGames */ = {
			isa = PBXNativeTarget;
			buildConfigurationList = E38272BDE209B104135CC559 /* Build configuration list for PBXNativeTarget "SmartGames" */;
			buildPhases = (
				214FC8B997190E1974127F1C /* Sources */,
				CD8FBF14A43D6E8414DD3DBC /* Resources */,
			);
			buildRules = (
			);
			dependencies = (
			);
			name = SmartGames;
			packageProductDependencies = (
			);
			productName = SmartGames;
			productReference = 80D62BBB422F391FFC049C23 /* SmartGames.app */;
			productType = "com.apple.product-type.application";
		};
		F691214FB067D7E8E2E86AA4 /* SmartGamesTests */ = {
			isa = PBXNativeTarget;
			buildConfigurationList = 87F37BA5C6FE222C56A4C8A8 /* Build configuration list for PBXNativeTarget "SmartGamesTests" */;
			buildPhases = (
				E637DAA0943CAFBE557EDBBD /* Sources */,
			);
			buildRules = (
			);
			dependencies = (
				34561493DE00EC3F3A5467B4 /* PBXTargetDependency */,
			);
			name = SmartGamesTests;
			packageProductDependencies = (
			);
			productName = SmartGamesTests;
			productReference = 9B291E283C3AAE46AF4E4EFD /* SmartGamesTests.xctest */;
			productType = "com.apple.product-type.bundle.unit-test";
		};
/* End PBXNativeTarget section */

/* Begin PBXProject section */
		7A427CA5DB647E68A22F1BDA /* Project object */ = {
			isa = PBXProject;
			attributes = {
				BuildIndependentTargetsInParallel = YES;
				LastUpgradeCheck = 1500;
				TargetAttributes = {
				};
			};
			buildConfigurationList = 3A4CA06A94DD4A322A969C41 /* Build configuration list for PBXProject "SmartGames" */;
			developmentRegion = en;
			hasScannedForEncodings = 0;
			knownRegions = (
				Base,
				en,
			);
			mainGroup = 121EE544964E2A5970245483;
			minimizedProjectReferenceProxies = 1;
			preferredProjectObjectVersion = 77;
			productRefGroup = 916A9A813E4E2DCD0BC81EEA /* Products */;
			projectDirPath = "";
			projectRoot = "";
			targets = (
				3D19C8231A7ADB2C861E5953 /* SmartGames */,
				F691214FB067D7E8E2E86AA4 /* SmartGamesTests */,
			);
		};
/* End PBXProject section */

/* Begin PBXResourcesBuildPhase section */
		CD8FBF14A43D6E8414DD3DBC /* Resources */ = {
			isa = PBXResourcesBuildPhase;
			buildActionMask = 2147483647;
			files = (
				AEA38795C30841110F6F39A6 /* PrivacyInfo.xcprivacy in Resources */,
				336B1ADCBB0EEA7E257F98E6 /* SmartGames.storekit in Resources */,
				57371D9CD64A5F2CDC8502CF /* puzzles.json in Resources */,
			);
			runOnlyForDeploymentPostprocessing = 0;
		};
/* End PBXResourcesBuildPhase section */

/* Begin PBXSourcesBuildPhase section */
		214FC8B997190E1974127F1C /* Sources */ = {
			isa = PBXSourcesBuildPhase;
			buildActionMask = 2147483647;
			files = (
				6BE576D0B810A4F9F5D1BE46 /* AdsConfig.swift in Sources */,
				F6A9AC9BE3A34AA32F3529EC /* AdsService.swift in Sources */,
				7BBD1C0D8668FC2EF120100D /* AnalyticsEvent+Ads.swift in Sources */,
				70ED93386A8F5C08D23C27C4 /* AnalyticsEvent+AppLifecycle.swift in Sources */,
				F4F2F21FB3C3FE38768CB039 /* AnalyticsEvent+Sudoku.swift in Sources */,
				6FEC07213292E933C6C08421 /* AnalyticsEvent.swift in Sources */,
				3FA7D1A6CB7AF082CEEA80E6 /* AnalyticsService.swift in Sources */,
				638540EC77823F316C601CDA /* AppColors.swift in Sources */,
				EC950F5CECF9721E7790BE90 /* AppEnvironment.swift in Sources */,
				A624085D125A0DBECEC24F01 /* AppFonts.swift in Sources */,
				99E1D4FBF6647B6CB6489185 /* AppRouter.swift in Sources */,
				D51783C662EC23E7DED3FF33 /* AppRoutes.swift in Sources */,
				262496ED99FF0C60F3446E16 /* AppTheme.swift in Sources */,
				192F449D409C5B3A0732C946 /* BoardTheme.swift in Sources */,
				A03B7F4D9BCE8B19D6260EA8 /* ContentView.swift in Sources */,
				9C920DF2DC80A21B2583BC25 /* DailyChallengeModels.swift in Sources */,
				CD35AC2E5A7DC83B0A4C765A /* DailyChallengeService.swift in Sources */,
				DEED1FC818A8E8338386303E /* DailyChallengeView.swift in Sources */,
				11852360792B4C53B8B69C87 /* GameModule.swift in Sources */,
				AF3341CE91D943A3BBEE5F01 /* GameRegistry.swift in Sources */,
				30ED91B8A059250E037B9DF2 /* GameCardView.swift in Sources */,
				4DDA35A693B4810F1E791B6F /* GameCenterService.swift in Sources */,
				26D79B7770F1C9E96F7CEFBC /* GameEntry.swift in Sources */,
				6F706E79783F5A9C93131A50 /* HapticsService.swift in Sources */,
				2A2478205867AFF7E5C089FA /* HubView.swift in Sources */,
				CF1932514C4FC7F0A560180E /* HubViewModel.swift in Sources */,
				BB22CC33DD44EE55FF66AA11 /* BannerAdCoordinator.swift in Sources */,
				BB22CC33DD44EE55FF66AA13 /* BannerAdView.swift in Sources */,
				536CB5AB2BEDB01DDEB0AC87 /* InterstitialAdCoordinator.swift in Sources */,
				AA11BB22CC33DD44EE55FF66 /* MonetizationConfig.swift in Sources */,
				AFC7F383CCBDDF4C23A68535 /* PaywallView.swift in Sources */,
				5E3F02D29DB4E4791A0357DE /* PersistenceService.swift in Sources */,
				1AB89D37D3F206DCE5393BF6 /* PrimaryButton.swift in Sources */,
				1032D031FD56E9EB1DBEC0D7 /* PuzzleBank.swift in Sources */,
				40D240F17B4EBCC070691B5C /* RewardedAdCoordinator.swift in Sources */,
				55E9AE56BE26DB61FAFB91AE /* SeededRandomNumberGenerator.swift in Sources */,
				7558E84B7FA0D7F731D47653 /* SettingsService.swift in Sources */,
				E58FF08814BC52D3462F26D7 /* SettingsView.swift in Sources */,
				0C9F5603776FADB70335A7C6 /* SmartGamesApp.swift in Sources */,
				E90F32A056D96ABFA12A80B6 /* SoundService.swift in Sources */,
				A81FF3C628B4CD96D1F95BFC /* StatisticsService.swift in Sources */,
				74C45A439127DD1BEA636B82 /* StoreService.swift in Sources */,
				1C6CF7C47C5FC83DCFE2552D /* SudokuBoardUtils.swift in Sources */,
				7A1E9413A64DC07CF329DCEB /* SudokuBoardView.swift in Sources */,
				F7718C1DF85CB346EE378AD0 /* SudokuCell.swift in Sources */,
				8E0FD29FFDCEDE01F405F402 /* SudokuCellView.swift in Sources */,
				1612A771C102206639661C2A /* SudokuDifficulty.swift in Sources */,
				8EE02D512DFA23FD9D1035F9 /* SudokuGameState.swift in Sources */,
				43D4E2B4DB3426B4F5D2F0CD /* SudokuGameView.swift in Sources */,
				E3134DF3F9E4C7962AEF472B /* SudokuGameViewModel.swift in Sources */,
				A2882C3B9A8589781B34CA78 /* SudokuGenerator.swift in Sources */,
				E1596EB2ADE7258013DC78B5 /* SudokuLobbyView.swift in Sources */,
				358F7A94E828884FED997CE8 /* SudokuLobbyViewModel.swift in Sources */,
				ECA3A3D8CC5D275E25A4B711 /* SudokuModule.swift in Sources */,
				487345ACCB1B7CD54339F268 /* SudokuNumberPadView.swift in Sources */,
				ECD4913916074E93E066EB00 /* SudokuPauseOverlayView.swift in Sources */,
				32AE57ABC56DB737503014B0 /* SudokuPuzzle.swift in Sources */,
				9DBCA2D12EBA0B24D2037586 /* SudokuSolver.swift in Sources */,
				AA3885FE920CD35B097EBCD0 /* SudokuStatisticsView.swift in Sources */,
				98E4E3D77F8C760AD6E94244 /* SudokuStatsCardsGrid.swift in Sources */,
				8255CB5E0F6AB9DA701D30EC /* SudokuToolbarView.swift in Sources */,
				C3662BAF8625F64717F3C243 /* SudokuValidator.swift in Sources */,
				CDA1DBEE0C0D24BF3FE3C479 /* SudokuWinView.swift in Sources */,
				903C7B81158A94A57A47D530 /* ThemePickerView.swift in Sources */,
				90A1E364931854E78136716B /* ThemeService.swift in Sources */,
			);
			runOnlyForDeploymentPostprocessing = 0;
		};
		E637DAA0943CAFBE557EDBBD /* Sources */ = {
			isa = PBXSourcesBuildPhase;
			buildActionMask = 2147483647;
			files = (
				4DA44045AE4A7465B4D33705 /* AnalyticsServiceTests.swift in Sources */,
				69119893D585D4FD4690FEEE /* PersistenceServiceTests.swift in Sources */,
				1783FBE9AD173CDC9D617FC7 /* SettingsServiceTests.swift in Sources */,
				41DFA69F421CB29B82A35652 /* SmartGamesTests.swift in Sources */,
				2F4D039E900EDFADC8795C8E /* SudokuEngineTests.swift in Sources */,
				2B87E93C7BC8707AFDE970A4 /* SudokuGameViewModelTests.swift in Sources */,
			);
			runOnlyForDeploymentPostprocessing = 0;
		};
/* End PBXSourcesBuildPhase section */

/* Begin PBXTargetDependency section */
		34561493DE00EC3F3A5467B4 /* PBXTargetDependency */ = {
			isa = PBXTargetDependency;
			target = 3D19C8231A7ADB2C861E5953 /* SmartGames */;
			targetProxy = D621A317CECD27BDE60E3F97 /* PBXContainerItemProxy */;
		};
/* End PBXTargetDependency section */

/* Begin XCBuildConfiguration section */
		04DF13915369619633E69B6A /* Debug */ = {
			isa = XCBuildConfiguration;
			buildSettings = {
				ASSETCATALOG_COMPILER_APPICON_NAME = AppIcon;
				CODE_SIGN_ENTITLEMENTS = SmartGames/SmartGames.entitlements;
				CODE_SIGN_IDENTITY = "iPhone Developer";
				INFOPLIST_FILE = SmartGames/Info.plist;
				LD_RUNPATH_SEARCH_PATHS = (
					"$(inherited)",
					"@executable_path/Frameworks",
				);
				SDKROOT = iphoneos;
				TARGETED_DEVICE_FAMILY = "1,2";
			};
			name = Debug;
		};
		2D8A3966374B38E564608515 /* Release */ = {
			isa = XCBuildConfiguration;
			buildSettings = {
				ASSETCATALOG_COMPILER_APPICON_NAME = AppIcon;
				CODE_SIGN_ENTITLEMENTS = SmartGames/SmartGames.entitlements;
				CODE_SIGN_IDENTITY = "iPhone Developer";
				INFOPLIST_FILE = SmartGames/Info.plist;
				LD_RUNPATH_SEARCH_PATHS = (
					"$(inherited)",
					"@executable_path/Frameworks",
				);
				SDKROOT = iphoneos;
				TARGETED_DEVICE_FAMILY = "1,2";
			};
			name = Release;
		};
		33520E4CC06AD416590D59D2 /* Release */ = {
			isa = XCBuildConfiguration;
			buildSettings = {
				ALWAYS_SEARCH_USER_PATHS = NO;
				CLANG_ANALYZER_NONNULL = YES;
				CLANG_ANALYZER_NUMBER_OBJECT_CONVERSION = YES_AGGRESSIVE;
				CLANG_CXX_LANGUAGE_STANDARD = "gnu++14";
				CLANG_CXX_LIBRARY = "libc++";
				CLANG_ENABLE_MODULES = YES;
				CLANG_ENABLE_OBJC_ARC = YES;
				CLANG_ENABLE_OBJC_WEAK = YES;
				CLANG_WARN_BLOCK_CAPTURE_AUTORELEASING = YES;
				CLANG_WARN_BOOL_CONVERSION = YES;
				CLANG_WARN_COMMA = YES;
				CLANG_WARN_CONSTANT_CONVERSION = YES;
				CLANG_WARN_DEPRECATED_OBJC_IMPLEMENTATIONS = YES;
				CLANG_WARN_DIRECT_OBJC_ISA_USAGE = YES_ERROR;
				CLANG_WARN_DOCUMENTATION_COMMENTS = YES;
				CLANG_WARN_EMPTY_BODY = YES;
				CLANG_WARN_ENUM_CONVERSION = YES;
				CLANG_WARN_INFINITE_RECURSION = YES;
				CLANG_WARN_INT_CONVERSION = YES;
				CLANG_WARN_NON_LITERAL_NULL_CONVERSION = YES;
				CLANG_WARN_OBJC_IMPLICIT_RETAIN_SELF = YES;
				CLANG_WARN_OBJC_LITERAL_CONVERSION = YES;
				CLANG_WARN_OBJC_ROOT_CLASS = YES_ERROR;
				CLANG_WARN_QUOTED_INCLUDE_IN_FRAMEWORK_HEADER = YES;
				CLANG_WARN_RANGE_LOOP_ANALYSIS = YES;
				CLANG_WARN_STRICT_PROTOTYPES = YES;
				CLANG_WARN_SUSPICIOUS_MOVE = YES;
				CLANG_WARN_UNGUARDED_AVAILABILITY = YES_AGGRESSIVE;
				CLANG_WARN_UNREACHABLE_CODE = YES;
				CLANG_WARN__DUPLICATE_METHOD_MATCH = YES;
				COPY_PHASE_STRIP = NO;
				CURRENT_PROJECT_VERSION = 1;
				DEBUG_INFORMATION_FORMAT = "dwarf-with-dsym";
				ENABLE_NS_ASSERTIONS = NO;
				ENABLE_STRICT_OBJC_MSGSEND = YES;
				GCC_C_LANGUAGE_STANDARD = gnu11;
				GCC_NO_COMMON_BLOCKS = YES;
				GCC_WARN_64_TO_32_BIT_CONVERSION = YES;
				GCC_WARN_ABOUT_RETURN_TYPE = YES_ERROR;
				GCC_WARN_UNDECLARED_SELECTOR = YES;
				GCC_WARN_UNINITIALIZED_AUTOS = YES_AGGRESSIVE;
				GCC_WARN_UNUSED_FUNCTION = YES;
				GCC_WARN_UNUSED_VARIABLE = YES;
				INFOPLIST_FILE = SmartGames/Info.plist;
				IPHONEOS_DEPLOYMENT_TARGET = 16.0;
				MARKETING_VERSION = 1.0.0;
				MTL_ENABLE_DEBUG_INFO = NO;
				MTL_FAST_MATH = YES;
				PRODUCT_BUNDLE_IDENTIFIER = com.smartgames.app;
				PRODUCT_NAME = "$(TARGET_NAME)";
				SDKROOT = iphoneos;
				SUPPORTS_MACCATALYST = NO;
				SWIFT_COMPILATION_MODE = wholemodule;
				SWIFT_OPTIMIZATION_LEVEL = "-Onone";
				SWIFT_VERSION = 5.9;
				TARGETED_DEVICE_FAMILY = 1;
			};
			name = Release;
		};
		49EC6C59C370087722198809 /* Debug */ = {
			isa = XCBuildConfiguration;
			buildSettings = {
				BUNDLE_LOADER = "$(TEST_HOST)";
				LD_RUNPATH_SEARCH_PATHS = (
					"$(inherited)",
					"@executable_path/Frameworks",
					"@loader_path/Frameworks",
				);
				SDKROOT = iphoneos;
				TARGETED_DEVICE_FAMILY = "1,2";
				TEST_HOST = "$(BUILT_PRODUCTS_DIR)/SmartGames.app/SmartGames";
			};
			name = Debug;
		};
		5C01A78F2C181FEE9F9AB175 /* Debug */ = {
			isa = XCBuildConfiguration;
			buildSettings = {
				ALWAYS_SEARCH_USER_PATHS = NO;
				CLANG_ANALYZER_NONNULL = YES;
				CLANG_ANALYZER_NUMBER_OBJECT_CONVERSION = YES_AGGRESSIVE;
				CLANG_CXX_LANGUAGE_STANDARD = "gnu++14";
				CLANG_CXX_LIBRARY = "libc++";
				CLANG_ENABLE_MODULES = YES;
				CLANG_ENABLE_OBJC_ARC = YES;
				CLANG_ENABLE_OBJC_WEAK = YES;
				CLANG_WARN_BLOCK_CAPTURE_AUTORELEASING = YES;
				CLANG_WARN_BOOL_CONVERSION = YES;
				CLANG_WARN_COMMA = YES;
				CLANG_WARN_CONSTANT_CONVERSION = YES;
				CLANG_WARN_DEPRECATED_OBJC_IMPLEMENTATIONS = YES;
				CLANG_WARN_DIRECT_OBJC_ISA_USAGE = YES_ERROR;
				CLANG_WARN_DOCUMENTATION_COMMENTS = YES;
				CLANG_WARN_EMPTY_BODY = YES;
				CLANG_WARN_ENUM_CONVERSION = YES;
				CLANG_WARN_INFINITE_RECURSION = YES;
				CLANG_WARN_INT_CONVERSION = YES;
				CLANG_WARN_NON_LITERAL_NULL_CONVERSION = YES;
				CLANG_WARN_OBJC_IMPLICIT_RETAIN_SELF = YES;
				CLANG_WARN_OBJC_LITERAL_CONVERSION = YES;
				CLANG_WARN_OBJC_ROOT_CLASS = YES_ERROR;
				CLANG_WARN_QUOTED_INCLUDE_IN_FRAMEWORK_HEADER = YES;
				CLANG_WARN_RANGE_LOOP_ANALYSIS = YES;
				CLANG_WARN_STRICT_PROTOTYPES = YES;
				CLANG_WARN_SUSPICIOUS_MOVE = YES;
				CLANG_WARN_UNGUARDED_AVAILABILITY = YES_AGGRESSIVE;
				CLANG_WARN_UNREACHABLE_CODE = YES;
				CLANG_WARN__DUPLICATE_METHOD_MATCH = YES;
				COPY_PHASE_STRIP = NO;
				CURRENT_PROJECT_VERSION = 1;
				DEBUG_INFORMATION_FORMAT = dwarf;
				ENABLE_STRICT_OBJC_MSGSEND = YES;
				ENABLE_TESTABILITY = YES;
				GCC_C_LANGUAGE_STANDARD = gnu11;
				GCC_DYNAMIC_NO_PIC = NO;
				GCC_NO_COMMON_BLOCKS = YES;
				GCC_OPTIMIZATION_LEVEL = 0;
				GCC_PREPROCESSOR_DEFINITIONS = (
					"$(inherited)",
					"DEBUG=1",
				);
				GCC_WARN_64_TO_32_BIT_CONVERSION = YES;
				GCC_WARN_ABOUT_RETURN_TYPE = YES_ERROR;
				GCC_WARN_UNDECLARED_SELECTOR = YES;
				GCC_WARN_UNINITIALIZED_AUTOS = YES_AGGRESSIVE;
				GCC_WARN_UNUSED_FUNCTION = YES;
				GCC_WARN_UNUSED_VARIABLE = YES;
				INFOPLIST_FILE = SmartGames/Info.plist;
				IPHONEOS_DEPLOYMENT_TARGET = 16.0;
				MARKETING_VERSION = 1.0.0;
				MTL_ENABLE_DEBUG_INFO = INCLUDE_SOURCE;
				MTL_FAST_MATH = YES;
				ONLY_ACTIVE_ARCH = YES;
				PRODUCT_BUNDLE_IDENTIFIER = com.smartgames.app;
				PRODUCT_NAME = "$(TARGET_NAME)";
				SDKROOT = iphoneos;
				SUPPORTS_MACCATALYST = NO;
				SWIFT_ACTIVE_COMPILATION_CONDITIONS = DEBUG;
				SWIFT_OPTIMIZATION_LEVEL = "-Onone";
				SWIFT_VERSION = 5.9;
				TARGETED_DEVICE_FAMILY = 1;
			};
			name = Debug;
		};
		63A57392AA1FCAB9D03070D7 /* Release */ = {
			isa = XCBuildConfiguration;
			buildSettings = {
				BUNDLE_LOADER = "$(TEST_HOST)";
				LD_RUNPATH_SEARCH_PATHS = (
					"$(inherited)",
					"@executable_path/Frameworks",
					"@loader_path/Frameworks",
				);
				SDKROOT = iphoneos;
				TARGETED_DEVICE_FAMILY = "1,2";
				TEST_HOST = "$(BUILT_PRODUCTS_DIR)/SmartGames.app/SmartGames";
			};
			name = Release;
		};
/* End XCBuildConfiguration section */

/* Begin XCConfigurationList section */
		3A4CA06A94DD4A322A969C41 /* Build configuration list for PBXProject "SmartGames" */ = {
			isa = XCConfigurationList;
			buildConfigurations = (
				5C01A78F2C181FEE9F9AB175 /* Debug */,
				33520E4CC06AD416590D59D2 /* Release */,
			);
			defaultConfigurationIsVisible = 0;
			defaultConfigurationName = Debug;
		};
		87F37BA5C6FE222C56A4C8A8 /* Build configuration list for PBXNativeTarget "SmartGamesTests" */ = {
			isa = XCConfigurationList;
			buildConfigurations = (
				49EC6C59C370087722198809 /* Debug */,
				63A57392AA1FCAB9D03070D7 /* Release */,
			);
			defaultConfigurationIsVisible = 0;
			defaultConfigurationName = Debug;
		};
		E38272BDE209B104135CC559 /* Build configuration list for PBXNativeTarget "SmartGames" */ = {
			isa = XCConfigurationList;
			buildConfigurations = (
				04DF13915369619633E69B6A /* Debug */,
				2D8A3966374B38E564608515 /* Release */,
			);
			defaultConfigurationIsVisible = 0;
			defaultConfigurationName = Debug;
		};
/* End XCConfigurationList section */
	};
	rootObject = 7A427CA5DB647E68A22F1BDA /* Project object */;
}
